
Microsoft Visual Studio Solution File, Format Version 12.00
# Visual Studio 2012
Project("{2150E333-8FDC-42A3-9474-1A3956D46DE8}") = "scripts", "scripts", "{3A1AC114-17B8-46EC-B5D3-00F25C1508E6}"
	ProjectSection(SolutionItems) = preProject
		build.bat = build.bat
		nant.build = nant.build
		README.md = README.md
	EndProjectSection
EndProject
Project("{FAE04EC0-301F-11D3-BF4B-00C04F79EFBC}") = "AppAgent", "src\AppAgent\AppAgent.csproj", "{EC7E0F89-C81C-4044-AC3C-116E2BCEF18C}"
EndProject
Project("{FAE04EC0-301F-11D3-BF4B-00C04F79EFBC}") = "AppAgentTest", "src\AppAgentTest\AppAgentTest.csproj", "{A8E40FA4-2C15-49A9-908C-7A16DF8A3939}"
EndProject
Project("{2150E333-8FDC-42A3-9474-1A3956D46DE8}") = "samples", "samples", "{37820854-C4AD-47C0-A14C-01DED7FE9845}"
EndProject
Project("{FAE04EC0-301F-11D3-BF4B-00C04F79EFBC}") = "Master", "samples\Master\Master.csproj", "{BB146AA5-C900-4709-8A01-C94D75BAB27D}"
EndProject
Project("{FAE04EC0-301F-11D3-BF4B-00C04F79EFBC}") = "App", "samples\App\App.csproj", "{074F242B-06B2-4A75-BE13-68DBF8C6C5EA}"
EndProject
Global
	GlobalSection(SolutionConfigurationPlatforms) = preSolution
		Debug|Any CPU = Debug|Any CPU
		Release|Any CPU = Release|Any CPU
	EndGlobalSection
	GlobalSection(ProjectConfigurationPlatforms) = postSolution
		{EC7E0F89-C81C-4044-AC3C-116E2BCEF18C}.Debug|Any CPU.ActiveCfg = Debug|Any CPU
		{EC7E0F89-C81C-4044-AC3C-116E2BCEF18C}.Debug|Any CPU.Build.0 = Debug|Any CPU
		{EC7E0F89-C81C-4044-AC3C-116E2BCEF18C}.Release|Any CPU.ActiveCfg = Release|Any CPU
		{EC7E0F89-C81C-4044-AC3C-116E2BCEF18C}.Release|Any CPU.Build.0 = Release|Any CPU
		{A8E40FA4-2C15-49A9-908C-7A16DF8A3939}.Debug|Any CPU.ActiveCfg = Debug|Any CPU
		{A8E40FA4-2C15-49A9-908C-7A16DF8A3939}.Debug|Any CPU.Build.0 = Debug|Any CPU
		{A8E40FA4-2C15-49A9-908C-7A16DF8A3939}.Release|Any CPU.ActiveCfg = Release|Any CPU
		{A8E40FA4-2C15-49A9-908C-7A16DF8A3939}.Release|Any CPU.Build.0 = Release|Any CPU
		{BB146AA5-C900-4709-8A01-C94D75BAB27D}.Debug|Any CPU.ActiveCfg = Debug|Any CPU
		{BB146AA5-C900-4709-8A01-C94D75BAB27D}.Debug|Any CPU.Build.0 = Debug|Any CPU
		{BB146AA5-C900-4709-8A01-C94D75BAB27D}.Release|Any CPU.ActiveCfg = Release|Any CPU
		{BB146AA5-C900-4709-8A01-C94D75BAB27D}.Release|Any CPU.Build.0 = Release|Any CPU
		{074F242B-06B2-4A75-BE13-68DBF8C6C5EA}.Debug|Any CPU.ActiveCfg = Debug|Any CPU
		{074F242B-06B2-4A75-BE13-68DBF8C6C5EA}.Debug|Any CPU.Build.0 = Debug|Any CPU
		{074F242B-06B2-4A75-BE13-68DBF8C6C5EA}.Release|Any CPU.ActiveCfg = Release|Any CPU
		{074F242B-06B2-4A75-BE13-68DBF8C6C5EA}.Release|Any CPU.Build.0 = Release|Any CPU
	EndGlobalSection
	GlobalSection(SolutionProperties) = preSolution
		HideSolutionNode = FALSE
	EndGlobalSection
	GlobalSection(NestedProjects) = preSolution
		{BB146AA5-C900-4709-8A01-C94D75BAB27D} = {37820854-C4AD-47C0-A14C-01DED7FE9845}
		{074F242B-06B2-4A75-BE13-68DBF8C6C5EA} = {37820854-C4AD-47C0-A14C-01DED7FE9845}
	EndGlobalSection
EndGlobal
